{
  "version": 4,
  "terraform_version": "1.10.5",
  "serial": 298,
  "lineage": "c66ddcd4-3b71-891c-e44b-c561ac313c65",
  "outputs": {
    "public_ip": {
      "value": "23.22.136.46",
      "type": "string"
    }
  },
  "resources": [
    {
      "mode": "data",
      "type": "aws_ami",
      "name": "latest_amazon_linux",
      "provider": "provider[\"registry.terraform.io/hashicorp/aws\"]",
      "instances": [
        {
          "schema_version": 0,
          "attributes": {
            "architecture": "x86_64",
            "arn": "arn:aws:ec2:us-east-1::image/ami-015915b05f20dde91",
            "block_device_mappings": [
              {
                "device_name": "/dev/sda1",
                "ebs": {
                  "delete_on_termination": "true",
                  "encrypted": "false",
                  "iops": "0",
                  "snapshot_id": "snap-07ccfa94d517a79ca",
                  "throughput": "0",
                  "volume_size": "10",
                  "volume_type": "gp2"
                },
                "no_device": "",
                "virtual_name": ""
              },
              {
                "device_name": "/dev/sdb",
                "ebs": {},
                "no_device": "",
                "virtual_name": "ephemeral0"
              },
              {
                "device_name": "/dev/sdc",
                "ebs": {},
                "no_device": "",
                "virtual_name": "ephemeral1"
              }
            ],
            "boot_mode": "",
            "creation_date": "2025-03-05T21:20:17.000Z",
            "deprecation_time": "2025-03-20T21:20:00.000Z",
            "description": "Cloud9 Cloud9Ubuntu AMI",
            "ena_support": true,
            "executable_users": null,
            "filter": null,
            "hypervisor": "xen",
            "id": "ami-015915b05f20dde91",
            "image_id": "ami-015915b05f20dde91",
            "image_location": "amazon/Cloud9Ubuntu-2025-03-05T20-49",
            "image_owner_alias": "amazon",
            "image_type": "machine",
            "imds_support": "",
            "include_deprecated": false,
            "kernel_id": "",
            "most_recent": true,
            "name": "Cloud9Ubuntu-2025-03-05T20-49",
            "name_regex": null,
            "owner_id": "327094444948",
            "owners": [
              "amazon"
            ],
            "platform": "",
            "platform_details": "Linux/UNIX",
            "product_codes": [],
            "public": true,
            "ramdisk_id": "",
            "root_device_name": "/dev/sda1",
            "root_device_type": "ebs",
            "root_snapshot_id": "snap-07ccfa94d517a79ca",
            "sriov_net_support": "simple",
            "state": "available",
            "state_reason": {
              "code": "UNSET",
              "message": "UNSET"
            },
            "tags": {},
            "timeouts": null,
            "tpm_support": "",
            "uefi_data": null,
            "usage_operation": "RunInstances",
            "virtualization_type": "hvm"
          },
          "sensitive_attributes": []
        }
      ]
    },
    {
      "mode": "data",
      "type": "aws_caller_identity",
      "name": "current",
      "provider": "provider[\"registry.terraform.io/hashicorp/aws\"]",
      "instances": [
        {
          "schema_version": 0,
          "attributes": {
            "account_id": "703671933380",
            "arn": "arn:aws:iam::703671933380:user/Aquiles",
            "id": "703671933380",
            "user_id": "AIDA2HVQ5THCBOAZF3WCN"
          },
          "sensitive_attributes": []
        }
      ]
    },
    {
      "mode": "managed",
      "type": "aws_ecr_repository",
      "name": "backend",
      "provider": "provider[\"registry.terraform.io/hashicorp/aws\"]",
      "instances": [
        {
          "schema_version": 0,
          "attributes": {
            "arn": "arn:aws:ecr:us-east-1:703671933380:repository/craftech-backend",
            "encryption_configuration": [
              {
                "encryption_type": "AES256",
                "kms_key": ""
              }
            ],
            "force_delete": null,
            "id": "craftech-backend",
            "image_scanning_configuration": [
              {
                "scan_on_push": false
              }
            ],
            "image_tag_mutability": "MUTABLE",
            "name": "craftech-backend",
            "registry_id": "703671933380",
            "repository_url": "703671933380.dkr.ecr.us-east-1.amazonaws.com/craftech-backend",
            "tags": {},
            "tags_all": {},
            "timeouts": null
          },
          "sensitive_attributes": [],
          "private": "eyJlMmJmYjczMC1lY2FhLTExZTYtOGY4OC0zNDM2M2JjN2M0YzAiOnsiZGVsZXRlIjoxMjAwMDAwMDAwMDAwfX0="
        }
      ]
    },
    {
      "mode": "managed",
      "type": "aws_ecr_repository",
      "name": "frontend",
      "provider": "provider[\"registry.terraform.io/hashicorp/aws\"]",
      "instances": [
        {
          "schema_version": 0,
          "attributes": {
            "arn": "arn:aws:ecr:us-east-1:703671933380:repository/craftech-frontend",
            "encryption_configuration": [
              {
                "encryption_type": "AES256",
                "kms_key": ""
              }
            ],
            "force_delete": null,
            "id": "craftech-frontend",
            "image_scanning_configuration": [
              {
                "scan_on_push": false
              }
            ],
            "image_tag_mutability": "MUTABLE",
            "name": "craftech-frontend",
            "registry_id": "703671933380",
            "repository_url": "703671933380.dkr.ecr.us-east-1.amazonaws.com/craftech-frontend",
            "tags": {},
            "tags_all": {},
            "timeouts": null
          },
          "sensitive_attributes": [],
          "private": "eyJlMmJmYjczMC1lY2FhLTExZTYtOGY4OC0zNDM2M2JjN2M0YzAiOnsiZGVsZXRlIjoxMjAwMDAwMDAwMDAwfX0="
        }
      ]
    },
    {
      "mode": "managed",
      "type": "aws_iam_instance_profile",
      "name": "ec2_instance_profile",
      "provider": "provider[\"registry.terraform.io/hashicorp/aws\"]",
      "instances": [
        {
          "schema_version": 0,
          "attributes": {
            "arn": "arn:aws:iam::703671933380:instance-profile/ec2-instance-profile",
            "create_date": "2025-03-06T18:31:13Z",
            "id": "ec2-instance-profile",
            "name": "ec2-instance-profile",
            "name_prefix": "",
            "path": "/",
            "role": "ec2-role",
            "tags": null,
            "tags_all": {},
            "unique_id": "AIPA2HVQ5THCPCTINEFE5"
          },
          "sensitive_attributes": [],
          "private": "bnVsbA==",
          "dependencies": [
            "aws_iam_role.ec2_role"
          ]
        }
      ]
    },
    {
      "mode": "managed",
      "type": "aws_iam_role",
      "name": "ec2_role",
      "provider": "provider[\"registry.terraform.io/hashicorp/aws\"]",
      "instances": [
        {
          "schema_version": 0,
          "attributes": {
            "arn": "arn:aws:iam::703671933380:role/ec2-role",
            "assume_role_policy": "{\"Statement\":[{\"Action\":\"sts:AssumeRole\",\"Effect\":\"Allow\",\"Principal\":{\"Service\":\"ec2.amazonaws.com\"}}],\"Version\":\"2012-10-17\"}",
            "create_date": "2025-03-06T18:31:12Z",
            "description": "",
            "force_detach_policies": false,
            "id": "ec2-role",
            "inline_policy": [],
            "managed_policy_arns": [],
            "max_session_duration": 3600,
            "name": "ec2-role",
            "name_prefix": "",
            "path": "/",
            "permissions_boundary": "",
            "tags": null,
            "tags_all": {},
            "unique_id": "AROA2HVQ5THCEKV6OCMIC"
          },
          "sensitive_attributes": [],
          "private": "bnVsbA=="
        }
      ]
    },
    {
      "mode": "managed",
      "type": "aws_iam_role_policy_attachment",
      "name": "ec2_ecr_access",
      "provider": "provider[\"registry.terraform.io/hashicorp/aws\"]",
      "instances": [
        {
          "schema_version": 0,
          "attributes": {
            "id": "ec2-role-20250306183113423800000001",
            "policy_arn": "arn:aws:iam::aws:policy/AmazonEC2ContainerRegistryReadOnly",
            "role": "ec2-role"
          },
          "sensitive_attributes": [],
          "private": "bnVsbA==",
          "dependencies": [
            "aws_iam_role.ec2_role"
          ]
        }
      ]
    },
    {
      "mode": "managed",
      "type": "aws_instance",
      "name": "my_ec2",
      "provider": "provider[\"registry.terraform.io/hashicorp/aws\"]",
      "instances": [
        {
          "schema_version": 1,
          "attributes": {
            "ami": "ami-0c02fb55956c7d316",
            "arn": "arn:aws:ec2:us-east-1:703671933380:instance/i-052312ec1f5d5695b",
            "associate_public_ip_address": true,
            "availability_zone": "us-east-1c",
            "capacity_reservation_specification": [
              {
                "capacity_reservation_preference": "open",
                "capacity_reservation_target": []
              }
            ],
            "cpu_core_count": 1,
            "cpu_options": [
              {
                "amd_sev_snp": "",
                "core_count": 1,
                "threads_per_core": 1
              }
            ],
            "cpu_threads_per_core": 1,
            "credit_specification": [
              {
                "cpu_credits": "standard"
              }
            ],
            "disable_api_stop": false,
            "disable_api_termination": false,
            "ebs_block_device": [],
            "ebs_optimized": false,
            "enable_primary_ipv6": null,
            "enclave_options": [
              {
                "enabled": false
              }
            ],
            "ephemeral_block_device": [],
            "get_password_data": false,
            "hibernation": false,
            "host_id": "",
            "host_resource_group_arn": null,
            "iam_instance_profile": "ec2-instance-profile",
            "id": "i-052312ec1f5d5695b",
            "instance_initiated_shutdown_behavior": "stop",
            "instance_lifecycle": "",
            "instance_market_options": [],
            "instance_state": "running",
            "instance_type": "t2.micro",
            "ipv6_address_count": 0,
            "ipv6_addresses": [],
            "key_name": "my-key",
            "launch_template": [],
            "maintenance_options": [
              {
                "auto_recovery": "default"
              }
            ],
            "metadata_options": [
              {
                "http_endpoint": "enabled",
                "http_protocol_ipv6": "disabled",
                "http_put_response_hop_limit": 1,
                "http_tokens": "optional",
                "instance_metadata_tags": "disabled"
              }
            ],
            "monitoring": false,
            "network_interface": [],
            "outpost_arn": "",
            "password_data": "",
            "placement_group": "",
            "placement_partition_number": 0,
            "primary_network_interface_id": "eni-02e05e1aa6a5d3e9e",
            "private_dns": "ip-172-31-22-253.ec2.internal",
            "private_dns_name_options": [
              {
                "enable_resource_name_dns_a_record": false,
                "enable_resource_name_dns_aaaa_record": false,
                "hostname_type": "ip-name"
              }
            ],
            "private_ip": "172.31.22.253",
            "public_dns": "ec2-23-22-136-46.compute-1.amazonaws.com",
            "public_ip": "23.22.136.46",
            "root_block_device": [
              {
                "delete_on_termination": true,
                "device_name": "/dev/xvda",
                "encrypted": false,
                "iops": 100,
                "kms_key_id": "",
                "tags": {},
                "tags_all": {},
                "throughput": 0,
                "volume_id": "vol-02dc1cf35cb0daead",
                "volume_size": 8,
                "volume_type": "gp2"
              }
            ],
            "secondary_private_ips": [],
            "security_groups": [
              "my-security-group"
            ],
            "source_dest_check": true,
            "spot_instance_request_id": "",
            "subnet_id": "subnet-0f85b4c9f99c920aa",
            "tags": {
              "Name": "My EC2 Instance"
            },
            "tags_all": {
              "Name": "My EC2 Instance"
            },
            "tenancy": "default",
            "timeouts": null,
            "user_data": "78a270b6a9bba61fac4901ae28dd821141c720b0",
            "user_data_base64": null,
            "user_data_replace_on_change": false,
            "volume_tags": null,
            "vpc_security_group_ids": [
              "sg-099541f5d36332fd1"
            ]
          },
          "sensitive_attributes": [],
          "private": "eyJlMmJmYjczMC1lY2FhLTExZTYtOGY4OC0zNDM2M2JjN2M0YzAiOnsiY3JlYXRlIjo2MDAwMDAwMDAwMDAsImRlbGV0ZSI6MTIwMDAwMDAwMDAwMCwicmVhZCI6OTAwMDAwMDAwMDAwLCJ1cGRhdGUiOjYwMDAwMDAwMDAwMH0sInNjaGVtYV92ZXJzaW9uIjoiMSJ9",
          "dependencies": [
            "aws_ecr_repository.backend",
            "aws_ecr_repository.frontend",
            "aws_iam_instance_profile.ec2_instance_profile",
            "aws_iam_role.ec2_role",
            "aws_key_pair.my_key_pair",
            "aws_security_group.my_sg",
            "tls_private_key.my_key"
          ]
        }
      ]
    },
    {
      "mode": "managed",
      "type": "aws_key_pair",
      "name": "my_key_pair",
      "provider": "provider[\"registry.terraform.io/hashicorp/aws\"]",
      "instances": [
        {
          "schema_version": 1,
          "attributes": {
            "arn": "arn:aws:ec2:us-east-1:703671933380:key-pair/my-key",
            "fingerprint": "1d:eb:b5:d7:16:9f:40:16:f4:57:57:73:a1:78:11:9a",
            "id": "my-key",
            "key_name": "my-key",
            "key_name_prefix": "",
            "key_pair_id": "key-0f2f4414e1130b5c9",
            "key_type": "rsa",
            "public_key": "ssh-rsa AAAAB3NzaC1yc2EAAAADAQABAAACAQDOzyTqPvNetEMbyQxcwUUujvkXvdV7ozdEaL+TG2xDfIc5CZhh1xTgfjyqQGH+StqLPo8Eo//gw3BNPg6xNI2ykHQxt0eByz1W7VJIAniGMeYyQij15ZJKaGUjfaPKBXoW0rzO7pcQmfOqie13aPArW2dnU2MUAzcfLNqnuf1whWpc0sZ+Qe4ptjNxCRs57ZsxSrW9EBgSb5hyCMasVg/esqpRw4LbuFXNx6oRjRdUBxzZhZzV5SXz/hGxjban53kVDdINSbRLUmbbD6wq5/ksR7JSkB36ff98ni9OqvCkmQMPG2T4eFP3fRv/5i/Ib7LkM5QVBO1A3Xf9/cgmR1EsQ9bR3phlX/sfVAMbbif0nL07Jj7X+vzmsy2dasqZywqVLyQArEQH4rBhxyNalUQv1IUy53hoNisU3poE4DCCp4cfchBuyx2lI2gY0iuVmN8vqde7hHrFpeCUfRcOjVMqeIPc16jr+xJGHKXMQVxYjrdOI90bASOBmg6iWFdoPbWMtqEhElHQqTX1fL8ajDFPdETjO5hml0w7FuCFBCc4h+ELvzhR/ikKLEiOZYUG69GuvgGzlOunzpGfz0uLPNfwV7jayUnLLf/ljs57oRK2g9XYpVTPoLN7E8Uqp6laX++r+fHe8/CRqSCxN1uk3lOvhdYv8hmeKlGzUJBEZ879lQ==",
            "tags": null,
            "tags_all": {}
          },
          "sensitive_attributes": [],
          "private": "eyJzY2hlbWFfdmVyc2lvbiI6IjEifQ==",
          "dependencies": [
            "tls_private_key.my_key"
          ]
        }
      ]
    },
    {
      "mode": "managed",
      "type": "aws_security_group",
      "name": "my_sg",
      "provider": "provider[\"registry.terraform.io/hashicorp/aws\"]",
      "instances": [
        {
          "schema_version": 1,
          "attributes": {
            "arn": "arn:aws:ec2:us-east-1:703671933380:security-group/sg-099541f5d36332fd1",
            "description": "Allow inbound traffic on ports 22 (SSH), 3000 (Frontend), and 8000 (Backend)",
            "egress": [
              {
                "cidr_blocks": [
                  "0.0.0.0/0"
                ],
                "description": "",
                "from_port": 0,
                "ipv6_cidr_blocks": [],
                "prefix_list_ids": [],
                "protocol": "-1",
                "security_groups": [],
                "self": false,
                "to_port": 0
              }
            ],
            "id": "sg-099541f5d36332fd1",
            "ingress": [
              {
                "cidr_blocks": [
                  "0.0.0.0/0"
                ],
                "description": "",
                "from_port": 22,
                "ipv6_cidr_blocks": [],
                "prefix_list_ids": [],
                "protocol": "tcp",
                "security_groups": [],
                "self": false,
                "to_port": 22
              },
              {
                "cidr_blocks": [
                  "0.0.0.0/0"
                ],
                "description": "",
                "from_port": 3000,
                "ipv6_cidr_blocks": [],
                "prefix_list_ids": [],
                "protocol": "tcp",
                "security_groups": [],
                "self": false,
                "to_port": 3000
              },
              {
                "cidr_blocks": [
                  "0.0.0.0/0"
                ],
                "description": "",
                "from_port": 8000,
                "ipv6_cidr_blocks": [],
                "prefix_list_ids": [],
                "protocol": "tcp",
                "security_groups": [],
                "self": false,
                "to_port": 8000
              }
            ],
            "name": "my-security-group",
            "name_prefix": "",
            "owner_id": "703671933380",
            "revoke_rules_on_delete": false,
            "tags": null,
            "tags_all": {},
            "timeouts": null,
            "vpc_id": "vpc-03fcf84fd2b3f9839"
          },
          "sensitive_attributes": [],
          "private": "eyJlMmJmYjczMC1lY2FhLTExZTYtOGY4OC0zNDM2M2JjN2M0YzAiOnsiY3JlYXRlIjo2MDAwMDAwMDAwMDAsImRlbGV0ZSI6OTAwMDAwMDAwMDAwfSwic2NoZW1hX3ZlcnNpb24iOiIxIn0="
        }
      ]
    },
    {
      "mode": "managed",
      "type": "docker_image",
      "name": "backend_image",
      "provider": "provider[\"registry.terraform.io/kreuzwerker/docker\"]",
      "instances": [
        {
          "schema_version": 0,
          "attributes": {
            "build": [
              {
                "auth_config": [],
                "build_arg": null,
                "build_args": null,
                "build_id": "",
                "cache_from": [],
                "cgroup_parent": "",
                "context": "/home/aquiles/Universidad/devops-interview-ultimate-Aquiles-Lencina/prueba-2/backend",
                "cpu_period": null,
                "cpu_quota": null,
                "cpu_set_cpus": "",
                "cpu_set_mems": "",
                "cpu_shares": null,
                "dockerfile": "Dockerfile",
                "extra_hosts": [],
                "force_remove": null,
                "isolation": "",
                "label": null,
                "labels": null,
                "memory": null,
                "memory_swap": null,
                "network_mode": "",
                "no_cache": null,
                "platform": "",
                "pull_parent": null,
                "remote_context": "",
                "remove": true,
                "security_opt": [],
                "session_id": "",
                "shm_size": null,
                "squash": null,
                "suppress_output": null,
                "tag": [],
                "target": "",
                "ulimit": [],
                "version": ""
              }
            ],
            "force_remove": null,
            "id": "sha256:b484b577cf8fb2ed0a270e4f2c7b73a27a7eb5d0615cb58306cbd63823bcc50b703671933380.dkr.ecr.us-east-1.amazonaws.com/craftech-backend:latest",
            "image_id": "sha256:b484b577cf8fb2ed0a270e4f2c7b73a27a7eb5d0615cb58306cbd63823bcc50b",
            "keep_locally": null,
            "name": "703671933380.dkr.ecr.us-east-1.amazonaws.com/craftech-backend:latest",
            "platform": null,
            "pull_triggers": null,
            "repo_digest": "",
            "triggers": null
          },
          "sensitive_attributes": [],
          "private": "bnVsbA==",
          "dependencies": [
            "aws_ecr_repository.backend",
            "aws_ecr_repository.frontend",
            "null_resource.login_ecr"
          ]
        }
      ]
    },
    {
      "mode": "managed",
      "type": "docker_image",
      "name": "frontend_image",
      "provider": "provider[\"registry.terraform.io/kreuzwerker/docker\"]",
      "instances": [
        {
          "schema_version": 0,
          "attributes": {
            "build": [
              {
                "auth_config": [],
                "build_arg": null,
                "build_args": null,
                "build_id": "",
                "cache_from": [],
                "cgroup_parent": "",
                "context": "/home/aquiles/Universidad/devops-interview-ultimate-Aquiles-Lencina/prueba-2/frontend",
                "cpu_period": null,
                "cpu_quota": null,
                "cpu_set_cpus": "",
                "cpu_set_mems": "",
                "cpu_shares": null,
                "dockerfile": "Dockerfile",
                "extra_hosts": [],
                "force_remove": null,
                "isolation": "",
                "label": null,
                "labels": null,
                "memory": null,
                "memory_swap": null,
                "network_mode": "",
                "no_cache": null,
                "platform": "",
                "pull_parent": null,
                "remote_context": "",
                "remove": true,
                "security_opt": [],
                "session_id": "",
                "shm_size": null,
                "squash": null,
                "suppress_output": null,
                "tag": [],
                "target": "",
                "ulimit": [],
                "version": ""
              }
            ],
            "force_remove": null,
            "id": "sha256:65d1ddb1970a118bd016ab820acefbfc33641c091273250698132ff6915d6f37703671933380.dkr.ecr.us-east-1.amazonaws.com/craftech-frontend:latest",
            "image_id": "sha256:65d1ddb1970a118bd016ab820acefbfc33641c091273250698132ff6915d6f37",
            "keep_locally": null,
            "name": "703671933380.dkr.ecr.us-east-1.amazonaws.com/craftech-frontend:latest",
            "platform": null,
            "pull_triggers": null,
            "repo_digest": "",
            "triggers": null
          },
          "sensitive_attributes": [],
          "private": "bnVsbA==",
          "dependencies": [
            "aws_ecr_repository.backend",
            "aws_ecr_repository.frontend",
            "null_resource.login_ecr"
          ]
        }
      ]
    },
    {
      "mode": "managed",
      "type": "local_file",
      "name": "private_key",
      "provider": "provider[\"registry.terraform.io/hashicorp/local\"]",
      "instances": [
        {
          "schema_version": 0,
          "attributes": {
            "content": "-----BEGIN RSA PRIVATE KEY-----\nMIIJKAIBAAKCAgEAzs8k6j7zXrRDG8kMXMFFLo75F73Ve6M3RGi/kxtsQ3yHOQmY\nYdcU4H48qkBh/kraiz6PBKP/4MNwTT4OsTSNspB0MbdHgcs9Vu1SSAJ4hjHmMkIo\n9eWSSmhlI32jygV6FtK8zu6XEJnzqontd2jwK1tnZ1NjFAM3Hyzap7n9cIVqXNLG\nfkHuKbYzcQkbOe2bMUq1vRAYEm+YcgjGrFYP3rKqUcOC27hVzceqEY0XVAcc2YWc\n1eUl8/4RsY22p+d5FQ3SDUm0S1Jm2w+sKuf5LEeyUpAd+n3/fJ4vTqrwpJkDDxtk\n+HhT930b/+YvyG+y5DOUFQTtQN13/f3IJkdRLEPW0d6YZV/7H1QDG24n9Jy9OyY+\n1/r85rMtnWrKmcsKlS8kAKxEB+KwYccjWpVEL9SFMud4aDYrFN6aBOAwgqeHH3IQ\nbssdpSNoGNIrlZjfL6nXu4R6xaXglH0XDo1TKniD3Neo6/sSRhylzEFcWI63TiPd\nGwEjgZoOolhXaD21jLahIRJR0Kk19Xy/GowxT3RE4zuYZpdMOxbghQQnOIfhC784\nUf4pCixIjmWFBuvRrr4Bs5Trp86Rn89LizzX8Fe42slJyy3/5Y7Oe6EStoPV2KVU\nz6CzexPFKqepWl/vq/nx3vPwkakgsTdbpN5Tr4XWL/IZnipRs1CQRGfO/ZUCAwEA\nAQKCAgBpuO13Lo09icuQxbujI05Zmc9vOqWLGgoj16Sv8GHtMhjyqJwU0F4k0YPz\nyQwPcna8nlOAnNIvNdoQMrxSDLqvYTd1Puu4R4zpBlN86n5wo8u5P6cu5Zhen3Ws\nqgr0OM6MIllRNBlX7Evrj60s0SGOGKEI6lEJJwej0UtKWUNdpWaVY08DtnKpMjKk\nA3K+r2AZ18aGi1ay/gehrCjcavab8xwsxlT8PATpOLwRUt5tH2G5NZvSoN1BGU40\nRWzt8uAsSi9qiZY4tzxLmnx6RrJT16cqm/AnYQgdzcQDZFG2413z+B4rA2BxcazB\nqgwdXDTIgjGeeTFMaqtv1a/fGbA9lHxFlxerybYkOuhB0eDR5pdiud6g53gkXQVB\n2fuMwQSt9QyJ8zVfodlIEUQ2AOlKW+HT9ThUjyiLnGCqofWugISKQjsNYKc3m4dV\nhBvkweY9aF8qJdHStyWIGvW4PSyDBWEzdmvjdp7pc9TPL9PK4MXCWb2y/l6MWCbl\n+h+H+vIPnEIUjqXOFAfOLu/w2LKurNkXr8YOtZhOgb1DBQLhyKqD1WK2qdzXmYTD\n8oOOT5juWCfw4xUWViRV4P0g986CxhnaQJlJTb5tCB+DKc84/kfrfGrXaqgru6nT\neFrC8V5tdXHCSJjtWOSzkX5D5h7ekb/qD9UMYsoubPJrSdGeoQKCAQEA4pd/Edru\n5xzRXPlhVPdCFs8Qi+nIQY9lMeux7gMMtYWUTR6jThlKYZqFmjiuuzdjyJG6d/bA\nLb2atCw64kliuz3hPgitY/sJNgnwlO6AX1PJTJQ3jykDdWCwh7A+ZjlwPQLroT1Y\nGuFCRDg4NRn4kcOoi2XSVlSWmwkYQw7lJ0ToduNXM9SbfL3eNDoV+VwNzzDtKlAR\nYMZRyGU8JzckBswnkO6VPQlnhaBbHcHQNoaGJViD1DtNG8tG2wjjpzuN+Vjm8Qvy\n6Y3LQVMp4Dun/KZ0t9oj5BIZyFwspZ29lAJfI0f4zqBzjk05jXInzCu6qmC5nebJ\nIaLExdeHVuq9CQKCAQEA6aZe7lnwMx7y4fPUYf1jll8vAI9XhPig+EFe5Zjdr42l\nTmn1u8Kpdb0vhzG5UIALufH9QrRXbkhljPV08QZxK1sAq9FK7BAfjguiBRDRqegy\n4aoZ2p8e5D9AnlkK1GE5TBdAbFVMC6LMVbHAi3npqzueFJ5HSJ2sV2WWTRUWLOGx\n9lvI/hEoK3gQ/yIqoQinwaw6pcBPURNomXNDZ7tMAUoZpXo8LE8k6+XgMkmF1Kad\njOoRHJazLEdOaC0H1wXRx2mOACWfjBVJticwRm8pgUWFURQZD949Dddpr2HRMsQK\nHBbPTcNsHT2B1xZqTx5ckqp8PMcZOXHNIkypMoFrLQKCAQAiWLBsNnFsGtQpcaut\nQ2WDK5PogWFXfrLqJD3uRAwTH9Jg9jnuxqqdrNx/igQCYN0BNAW91WtAA7OFiAbM\n8i7DDxgrXQlbVFwLEuqiyJww1vR2ZSkezCq4ChX4G2D6Ac7fkKfC4xeNy4NN7++l\nLPCet7e+mYqOh3fkvDYvQ/y8PRe3nbJEKv/+opEh/YQDLk7xjwsEFOrtbmJLK/04\nPIV7ekqtD10TyW8ltC7bjdtPyIhg9M/Wxb5kbiWpYemQGdjlaPJoq1UAzft3RXHd\niW1nQJwEmk5CbfP2iPJDkGuCGfHt2ST/vRaHBXGp3RnnOuGqncrFAoyOSqvlCUx8\ngkxxAoIBAQCj8ou2MAGtvU+sYM1sHMLeZteySuKceWFqEWSnMoaLgpa12QAGyebi\nqOdKtAdWhyKzTSvqvGSFC+PF7w4ped27EFX+OhOaZQ3fPCZp641S7Y2WbydJElI4\n0nFjKxPARqBP1hjsa0W6/HbowptawybFckXQLefS+mBNywiV+e/felbHiUwVirBn\nIA69F5pV+J7N9S4J1FFTkIza79giV3hTh01LoePLK5W6uUiBwLlZp7fxguSS7OO4\ndCh+TOqtZHX4uQZc8Alt4Boi6IilQ6caAFA1viZ/ze+FYNvVpouGVazKXO8Fn9Sj\nB9+trxrVfXZzq5EVjJcUidfo82Xd/JXZAoIBABHTZjzghGcQUucJX1GwCX/U/FWT\nxZymDoEsdxytv/kT0PZSsAuh0ZJVoxyY35fhSphAwVugGprz3a6iPax/D/3+4YG0\nNOZHZbCogIZ2RkYWfW3Aro3b1P5n0Z1wLRDX9pRgb9mJDfM/VGwXoi0MTtrel4AD\nhbaDhmQzwrSuRWfXWYKHHQwaryGilvlg7AOQ3ft19QlHIycnMKsOdU2Xo2JBv9Rw\nCScFZr8XynXCQqorjeZ1YZI0nOY3bftMK+YHtSVA0qnB9FpKDSBHk0btF4onPIyK\n6L33WOOWkekhuRSmqfZxRVU37AkCILuWo9SX+BmWoaW9hJdUjJFSF9MNFaQ=\n-----END RSA PRIVATE KEY-----\n",
            "content_base64": null,
            "content_base64sha256": "bWLCM62jdvxMz2wsUTa50pfLXHz2wJEg5AauQo9uLe4=",
            "content_base64sha512": "0+ZU76P/iCIfw6RJiEufnBlmwMNesdtgfFSrdbDdc1YqUrZ8Y5D2ghAFP1pQSiPiA+LS5716kglVj21cqZw2gw==",
            "content_md5": "861b40aba682865a577bb601de9e90a3",
            "content_sha1": "a51a8a93a781e31d5aa278306c0d2a4a62d4e633",
            "content_sha256": "6d62c233ada376fc4ccf6c2c5136b9d297cb5c7cf6c09120e406ae428f6e2dee",
            "content_sha512": "d3e654efa3ff88221fc3a449884b9f9c1966c0c35eb1db607c54ab75b0dd73562a52b67c6390f68210053f5a504a23e203e2d2e7bd7a9209558f6d5ca99c3683",
            "directory_permission": "0777",
            "file_permission": "0400",
            "filename": "my-key.pem",
            "id": "a51a8a93a781e31d5aa278306c0d2a4a62d4e633",
            "sensitive_content": null,
            "source": null
          },
          "sensitive_attributes": [
            [
              {
                "type": "get_attr",
                "value": "sensitive_content"
              }
            ],
            [
              {
                "type": "get_attr",
                "value": "content"
              }
            ]
          ],
          "dependencies": [
            "tls_private_key.my_key"
          ]
        }
      ]
    },
    {
      "mode": "managed",
      "type": "null_resource",
      "name": "login_ecr",
      "provider": "provider[\"registry.terraform.io/hashicorp/null\"]",
      "instances": [
        {
          "schema_version": 0,
          "attributes": {
            "id": "4359991258293100405",
            "triggers": null
          },
          "sensitive_attributes": [],
          "dependencies": [
            "aws_ecr_repository.backend",
            "aws_ecr_repository.frontend"
          ]
        }
      ]
    },
    {
      "mode": "managed",
      "type": "null_resource",
      "name": "push_backend_image",
      "provider": "provider[\"registry.terraform.io/hashicorp/null\"]",
      "instances": [
        {
          "schema_version": 0,
          "attributes": {
            "id": "395511166605522550",
            "triggers": null
          },
          "sensitive_attributes": [],
          "dependencies": [
            "aws_ecr_repository.backend",
            "aws_ecr_repository.frontend",
            "docker_image.backend_image",
            "null_resource.login_ecr"
          ]
        }
      ]
    },
    {
      "mode": "managed",
      "type": "null_resource",
      "name": "push_frontend_image",
      "provider": "provider[\"registry.terraform.io/hashicorp/null\"]",
      "instances": [
        {
          "schema_version": 0,
          "attributes": {
            "id": "3525306871606214475",
            "triggers": null
          },
          "sensitive_attributes": [],
          "dependencies": [
            "aws_ecr_repository.backend",
            "aws_ecr_repository.frontend",
            "docker_image.frontend_image",
            "null_resource.login_ecr"
          ]
        }
      ]
    },
    {
      "mode": "managed",
      "type": "tls_private_key",
      "name": "my_key",
      "provider": "provider[\"registry.terraform.io/hashicorp/tls\"]",
      "instances": [
        {
          "schema_version": 1,
          "attributes": {
            "algorithm": "RSA",
            "ecdsa_curve": "P224",
            "id": "0e2a9b3416b4c1919cd6a25feb4dd0d829d094f4",
            "private_key_openssh": "-----BEGIN OPENSSH PRIVATE KEY-----\nb3BlbnNzaC1rZXktdjEAAAAABG5vbmUAAAAEbm9uZQAAAAAAAAABAAACFwAAAAdz\nc2gtcnNhAAAAAwEAAQAAAgEAzs8k6j7zXrRDG8kMXMFFLo75F73Ve6M3RGi/kxts\nQ3yHOQmYYdcU4H48qkBh/kraiz6PBKP/4MNwTT4OsTSNspB0MbdHgcs9Vu1SSAJ4\nhjHmMkIo9eWSSmhlI32jygV6FtK8zu6XEJnzqontd2jwK1tnZ1NjFAM3Hyzap7n9\ncIVqXNLGfkHuKbYzcQkbOe2bMUq1vRAYEm+YcgjGrFYP3rKqUcOC27hVzceqEY0X\nVAcc2YWc1eUl8/4RsY22p+d5FQ3SDUm0S1Jm2w+sKuf5LEeyUpAd+n3/fJ4vTqrw\npJkDDxtk+HhT930b/+YvyG+y5DOUFQTtQN13/f3IJkdRLEPW0d6YZV/7H1QDG24n\n9Jy9OyY+1/r85rMtnWrKmcsKlS8kAKxEB+KwYccjWpVEL9SFMud4aDYrFN6aBOAw\ngqeHH3IQbssdpSNoGNIrlZjfL6nXu4R6xaXglH0XDo1TKniD3Neo6/sSRhylzEFc\nWI63TiPdGwEjgZoOolhXaD21jLahIRJR0Kk19Xy/GowxT3RE4zuYZpdMOxbghQQn\nOIfhC784Uf4pCixIjmWFBuvRrr4Bs5Trp86Rn89LizzX8Fe42slJyy3/5Y7Oe6ES\ntoPV2KVUz6CzexPFKqepWl/vq/nx3vPwkakgsTdbpN5Tr4XWL/IZnipRs1CQRGfO\n/ZUAAAc4VI49/FSOPfwAAAAHc3NoLXJzYQAAAgEAzs8k6j7zXrRDG8kMXMFFLo75\nF73Ve6M3RGi/kxtsQ3yHOQmYYdcU4H48qkBh/kraiz6PBKP/4MNwTT4OsTSNspB0\nMbdHgcs9Vu1SSAJ4hjHmMkIo9eWSSmhlI32jygV6FtK8zu6XEJnzqontd2jwK1tn\nZ1NjFAM3Hyzap7n9cIVqXNLGfkHuKbYzcQkbOe2bMUq1vRAYEm+YcgjGrFYP3rKq\nUcOC27hVzceqEY0XVAcc2YWc1eUl8/4RsY22p+d5FQ3SDUm0S1Jm2w+sKuf5LEey\nUpAd+n3/fJ4vTqrwpJkDDxtk+HhT930b/+YvyG+y5DOUFQTtQN13/f3IJkdRLEPW\n0d6YZV/7H1QDG24n9Jy9OyY+1/r85rMtnWrKmcsKlS8kAKxEB+KwYccjWpVEL9SF\nMud4aDYrFN6aBOAwgqeHH3IQbssdpSNoGNIrlZjfL6nXu4R6xaXglH0XDo1TKniD\n3Neo6/sSRhylzEFcWI63TiPdGwEjgZoOolhXaD21jLahIRJR0Kk19Xy/GowxT3RE\n4zuYZpdMOxbghQQnOIfhC784Uf4pCixIjmWFBuvRrr4Bs5Trp86Rn89LizzX8Fe4\n2slJyy3/5Y7Oe6EStoPV2KVUz6CzexPFKqepWl/vq/nx3vPwkakgsTdbpN5Tr4XW\nL/IZnipRs1CQRGfO/ZUAAAADAQABAAACAGm47XcujT2Jy5DFu6MjTlmZz286pYsa\nCiPXpK/wYe0yGPKonBTQXiTRg/PJDA9ydryeU4Cc0i812hAyvFIMuq9hN3U+67hH\njOkGU3zqfnCjy7k/py7lmF6fdayqCvQ4zowiWVE0GVfsS+uPrSzRIY4YoQjqUQkn\nB6PRS0pZQ12lZpVjTwO2cqkyMqQDcr6vYBnXxoaLVrL+B6GsKNxq9pvzHCzGVPw8\nBOk4vBFS3m0fYbk1m9Kg3UEZTjRFbO3y4CxKL2qJlji3PEuafHpGslPXpyqb8Cdh\nCB3NxANkUbbjXfP4HisDYHFxrMGqDB1cNMiCMZ55MUxqq2/Vr98ZsD2UfEWXF6vJ\ntiQ66EHR4NHml2K53qDneCRdBUHZ+4zBBK31DInzNV+h2UgRRDYA6Upb4dP1OFSP\nKIucYKqh9a6AhIpCOw1gpzebh1WEG+TB5j1oXyol0dK3JYga9bg9LIMFYTN2a+N2\nnulz1M8v08rgxcJZvbL+XoxYJuX6H4f68g+cQhSOpc4UB84u7/DYsq6s2Revxg61\nmE6BvUMFAuHIqoPVYrap3NeZhMPyg45PmO5YJ/DjFRZWJFXg/SD3zoLGGdpAmUlN\nvm0IH4Mpzzj+R+t8atdqqCu7qdN4WsLxXm11ccJImO1Y5LORfkPmHt6Rv+oP1Qxi\nyi5s8mtJ0Z6hAAABABHTZjzghGcQUucJX1GwCX/U/FWTxZymDoEsdxytv/kT0PZS\nsAuh0ZJVoxyY35fhSphAwVugGprz3a6iPax/D/3+4YG0NOZHZbCogIZ2RkYWfW3A\nro3b1P5n0Z1wLRDX9pRgb9mJDfM/VGwXoi0MTtrel4ADhbaDhmQzwrSuRWfXWYKH\nHQwaryGilvlg7AOQ3ft19QlHIycnMKsOdU2Xo2JBv9RwCScFZr8XynXCQqorjeZ1\nYZI0nOY3bftMK+YHtSVA0qnB9FpKDSBHk0btF4onPIyK6L33WOOWkekhuRSmqfZx\nRVU37AkCILuWo9SX+BmWoaW9hJdUjJFSF9MNFaQAAAEBAOKXfxHa7ucc0Vz5YVT3\nQhbPEIvpyEGPZTHrse4DDLWFlE0eo04ZSmGahZo4rrs3Y8iRunf2wC29mrQsOuJJ\nYrs94T4IrWP7CTYJ8JTugF9TyUyUN48pA3VgsIewPmY5cD0C66E9WBrhQkQ4ODUZ\n+JHDqItl0lZUlpsJGEMO5SdE6HbjVzPUm3y93jQ6FflcDc8w7SpQEWDGUchlPCc3\nJAbMJ5DulT0JZ4WgWx3B0DaGhiVYg9Q7TRvLRtsI46c7jflY5vEL8umNy0FTKeA7\np/ymdLfaI+QSGchcLKWdvZQCXyNH+M6gc45NOY1yJ8wruqpguZ3mySGixMXXh1bq\nvQkAAAEBAOmmXu5Z8DMe8uHz1GH9Y5ZfLwCPV4T4oPhBXuWY3a+NpU5p9bvCqXW9\nL4cxuVCAC7nx/UK0V25IZYz1dPEGcStbAKvRSuwQH44LogUQ0anoMuGqGdqfHuQ/\nQJ5ZCtRhOUwXQGxVTAuizFWxwIt56as7nhSeR0idrFdllk0VFizhsfZbyP4RKCt4\nEP8iKqEIp8GsOqXAT1ETaJlzQ2e7TAFKGaV6PCxPJOvl4DJJhdSmnYzqERyWsyxH\nTmgtB9cF0cdpjgAln4wVSbYnMEZvKYFFhVEUGQ/ePQ3Xaa9h0TLEChwWz03DbB09\ngdcWak8eXJKqfDzHGTlxzSJMqTKBay0AAAAAAQID\n-----END OPENSSH PRIVATE KEY-----\n",
            "private_key_pem": "-----BEGIN RSA PRIVATE KEY-----\nMIIJKAIBAAKCAgEAzs8k6j7zXrRDG8kMXMFFLo75F73Ve6M3RGi/kxtsQ3yHOQmY\nYdcU4H48qkBh/kraiz6PBKP/4MNwTT4OsTSNspB0MbdHgcs9Vu1SSAJ4hjHmMkIo\n9eWSSmhlI32jygV6FtK8zu6XEJnzqontd2jwK1tnZ1NjFAM3Hyzap7n9cIVqXNLG\nfkHuKbYzcQkbOe2bMUq1vRAYEm+YcgjGrFYP3rKqUcOC27hVzceqEY0XVAcc2YWc\n1eUl8/4RsY22p+d5FQ3SDUm0S1Jm2w+sKuf5LEeyUpAd+n3/fJ4vTqrwpJkDDxtk\n+HhT930b/+YvyG+y5DOUFQTtQN13/f3IJkdRLEPW0d6YZV/7H1QDG24n9Jy9OyY+\n1/r85rMtnWrKmcsKlS8kAKxEB+KwYccjWpVEL9SFMud4aDYrFN6aBOAwgqeHH3IQ\nbssdpSNoGNIrlZjfL6nXu4R6xaXglH0XDo1TKniD3Neo6/sSRhylzEFcWI63TiPd\nGwEjgZoOolhXaD21jLahIRJR0Kk19Xy/GowxT3RE4zuYZpdMOxbghQQnOIfhC784\nUf4pCixIjmWFBuvRrr4Bs5Trp86Rn89LizzX8Fe42slJyy3/5Y7Oe6EStoPV2KVU\nz6CzexPFKqepWl/vq/nx3vPwkakgsTdbpN5Tr4XWL/IZnipRs1CQRGfO/ZUCAwEA\nAQKCAgBpuO13Lo09icuQxbujI05Zmc9vOqWLGgoj16Sv8GHtMhjyqJwU0F4k0YPz\nyQwPcna8nlOAnNIvNdoQMrxSDLqvYTd1Puu4R4zpBlN86n5wo8u5P6cu5Zhen3Ws\nqgr0OM6MIllRNBlX7Evrj60s0SGOGKEI6lEJJwej0UtKWUNdpWaVY08DtnKpMjKk\nA3K+r2AZ18aGi1ay/gehrCjcavab8xwsxlT8PATpOLwRUt5tH2G5NZvSoN1BGU40\nRWzt8uAsSi9qiZY4tzxLmnx6RrJT16cqm/AnYQgdzcQDZFG2413z+B4rA2BxcazB\nqgwdXDTIgjGeeTFMaqtv1a/fGbA9lHxFlxerybYkOuhB0eDR5pdiud6g53gkXQVB\n2fuMwQSt9QyJ8zVfodlIEUQ2AOlKW+HT9ThUjyiLnGCqofWugISKQjsNYKc3m4dV\nhBvkweY9aF8qJdHStyWIGvW4PSyDBWEzdmvjdp7pc9TPL9PK4MXCWb2y/l6MWCbl\n+h+H+vIPnEIUjqXOFAfOLu/w2LKurNkXr8YOtZhOgb1DBQLhyKqD1WK2qdzXmYTD\n8oOOT5juWCfw4xUWViRV4P0g986CxhnaQJlJTb5tCB+DKc84/kfrfGrXaqgru6nT\neFrC8V5tdXHCSJjtWOSzkX5D5h7ekb/qD9UMYsoubPJrSdGeoQKCAQEA4pd/Edru\n5xzRXPlhVPdCFs8Qi+nIQY9lMeux7gMMtYWUTR6jThlKYZqFmjiuuzdjyJG6d/bA\nLb2atCw64kliuz3hPgitY/sJNgnwlO6AX1PJTJQ3jykDdWCwh7A+ZjlwPQLroT1Y\nGuFCRDg4NRn4kcOoi2XSVlSWmwkYQw7lJ0ToduNXM9SbfL3eNDoV+VwNzzDtKlAR\nYMZRyGU8JzckBswnkO6VPQlnhaBbHcHQNoaGJViD1DtNG8tG2wjjpzuN+Vjm8Qvy\n6Y3LQVMp4Dun/KZ0t9oj5BIZyFwspZ29lAJfI0f4zqBzjk05jXInzCu6qmC5nebJ\nIaLExdeHVuq9CQKCAQEA6aZe7lnwMx7y4fPUYf1jll8vAI9XhPig+EFe5Zjdr42l\nTmn1u8Kpdb0vhzG5UIALufH9QrRXbkhljPV08QZxK1sAq9FK7BAfjguiBRDRqegy\n4aoZ2p8e5D9AnlkK1GE5TBdAbFVMC6LMVbHAi3npqzueFJ5HSJ2sV2WWTRUWLOGx\n9lvI/hEoK3gQ/yIqoQinwaw6pcBPURNomXNDZ7tMAUoZpXo8LE8k6+XgMkmF1Kad\njOoRHJazLEdOaC0H1wXRx2mOACWfjBVJticwRm8pgUWFURQZD949Dddpr2HRMsQK\nHBbPTcNsHT2B1xZqTx5ckqp8PMcZOXHNIkypMoFrLQKCAQAiWLBsNnFsGtQpcaut\nQ2WDK5PogWFXfrLqJD3uRAwTH9Jg9jnuxqqdrNx/igQCYN0BNAW91WtAA7OFiAbM\n8i7DDxgrXQlbVFwLEuqiyJww1vR2ZSkezCq4ChX4G2D6Ac7fkKfC4xeNy4NN7++l\nLPCet7e+mYqOh3fkvDYvQ/y8PRe3nbJEKv/+opEh/YQDLk7xjwsEFOrtbmJLK/04\nPIV7ekqtD10TyW8ltC7bjdtPyIhg9M/Wxb5kbiWpYemQGdjlaPJoq1UAzft3RXHd\niW1nQJwEmk5CbfP2iPJDkGuCGfHt2ST/vRaHBXGp3RnnOuGqncrFAoyOSqvlCUx8\ngkxxAoIBAQCj8ou2MAGtvU+sYM1sHMLeZteySuKceWFqEWSnMoaLgpa12QAGyebi\nqOdKtAdWhyKzTSvqvGSFC+PF7w4ped27EFX+OhOaZQ3fPCZp641S7Y2WbydJElI4\n0nFjKxPARqBP1hjsa0W6/HbowptawybFckXQLefS+mBNywiV+e/felbHiUwVirBn\nIA69F5pV+J7N9S4J1FFTkIza79giV3hTh01LoePLK5W6uUiBwLlZp7fxguSS7OO4\ndCh+TOqtZHX4uQZc8Alt4Boi6IilQ6caAFA1viZ/ze+FYNvVpouGVazKXO8Fn9Sj\nB9+trxrVfXZzq5EVjJcUidfo82Xd/JXZAoIBABHTZjzghGcQUucJX1GwCX/U/FWT\nxZymDoEsdxytv/kT0PZSsAuh0ZJVoxyY35fhSphAwVugGprz3a6iPax/D/3+4YG0\nNOZHZbCogIZ2RkYWfW3Aro3b1P5n0Z1wLRDX9pRgb9mJDfM/VGwXoi0MTtrel4AD\nhbaDhmQzwrSuRWfXWYKHHQwaryGilvlg7AOQ3ft19QlHIycnMKsOdU2Xo2JBv9Rw\nCScFZr8XynXCQqorjeZ1YZI0nOY3bftMK+YHtSVA0qnB9FpKDSBHk0btF4onPIyK\n6L33WOOWkekhuRSmqfZxRVU37AkCILuWo9SX+BmWoaW9hJdUjJFSF9MNFaQ=\n-----END RSA PRIVATE KEY-----\n",
            "private_key_pem_pkcs8": "-----BEGIN PRIVATE KEY-----\nMIIJQgIBADANBgkqhkiG9w0BAQEFAASCCSwwggkoAgEAAoICAQDOzyTqPvNetEMb\nyQxcwUUujvkXvdV7ozdEaL+TG2xDfIc5CZhh1xTgfjyqQGH+StqLPo8Eo//gw3BN\nPg6xNI2ykHQxt0eByz1W7VJIAniGMeYyQij15ZJKaGUjfaPKBXoW0rzO7pcQmfOq\nie13aPArW2dnU2MUAzcfLNqnuf1whWpc0sZ+Qe4ptjNxCRs57ZsxSrW9EBgSb5hy\nCMasVg/esqpRw4LbuFXNx6oRjRdUBxzZhZzV5SXz/hGxjban53kVDdINSbRLUmbb\nD6wq5/ksR7JSkB36ff98ni9OqvCkmQMPG2T4eFP3fRv/5i/Ib7LkM5QVBO1A3Xf9\n/cgmR1EsQ9bR3phlX/sfVAMbbif0nL07Jj7X+vzmsy2dasqZywqVLyQArEQH4rBh\nxyNalUQv1IUy53hoNisU3poE4DCCp4cfchBuyx2lI2gY0iuVmN8vqde7hHrFpeCU\nfRcOjVMqeIPc16jr+xJGHKXMQVxYjrdOI90bASOBmg6iWFdoPbWMtqEhElHQqTX1\nfL8ajDFPdETjO5hml0w7FuCFBCc4h+ELvzhR/ikKLEiOZYUG69GuvgGzlOunzpGf\nz0uLPNfwV7jayUnLLf/ljs57oRK2g9XYpVTPoLN7E8Uqp6laX++r+fHe8/CRqSCx\nN1uk3lOvhdYv8hmeKlGzUJBEZ879lQIDAQABAoICAGm47XcujT2Jy5DFu6MjTlmZ\nz286pYsaCiPXpK/wYe0yGPKonBTQXiTRg/PJDA9ydryeU4Cc0i812hAyvFIMuq9h\nN3U+67hHjOkGU3zqfnCjy7k/py7lmF6fdayqCvQ4zowiWVE0GVfsS+uPrSzRIY4Y\noQjqUQknB6PRS0pZQ12lZpVjTwO2cqkyMqQDcr6vYBnXxoaLVrL+B6GsKNxq9pvz\nHCzGVPw8BOk4vBFS3m0fYbk1m9Kg3UEZTjRFbO3y4CxKL2qJlji3PEuafHpGslPX\npyqb8CdhCB3NxANkUbbjXfP4HisDYHFxrMGqDB1cNMiCMZ55MUxqq2/Vr98ZsD2U\nfEWXF6vJtiQ66EHR4NHml2K53qDneCRdBUHZ+4zBBK31DInzNV+h2UgRRDYA6Upb\n4dP1OFSPKIucYKqh9a6AhIpCOw1gpzebh1WEG+TB5j1oXyol0dK3JYga9bg9LIMF\nYTN2a+N2nulz1M8v08rgxcJZvbL+XoxYJuX6H4f68g+cQhSOpc4UB84u7/DYsq6s\n2Revxg61mE6BvUMFAuHIqoPVYrap3NeZhMPyg45PmO5YJ/DjFRZWJFXg/SD3zoLG\nGdpAmUlNvm0IH4Mpzzj+R+t8atdqqCu7qdN4WsLxXm11ccJImO1Y5LORfkPmHt6R\nv+oP1Qxiyi5s8mtJ0Z6hAoIBAQDil38R2u7nHNFc+WFU90IWzxCL6chBj2Ux67Hu\nAwy1hZRNHqNOGUphmoWaOK67N2PIkbp39sAtvZq0LDriSWK7PeE+CK1j+wk2CfCU\n7oBfU8lMlDePKQN1YLCHsD5mOXA9AuuhPVga4UJEODg1GfiRw6iLZdJWVJabCRhD\nDuUnROh241cz1Jt8vd40OhX5XA3PMO0qUBFgxlHIZTwnNyQGzCeQ7pU9CWeFoFsd\nwdA2hoYlWIPUO00by0bbCOOnO435WObxC/LpjctBUyngO6f8pnS32iPkEhnIXCyl\nnb2UAl8jR/jOoHOOTTmNcifMK7qqYLmd5skhosTF14dW6r0JAoIBAQDppl7uWfAz\nHvLh89Rh/WOWXy8Aj1eE+KD4QV7lmN2vjaVOafW7wql1vS+HMblQgAu58f1CtFdu\nSGWM9XTxBnErWwCr0UrsEB+OC6IFENGp6DLhqhnanx7kP0CeWQrUYTlMF0BsVUwL\nosxVscCLeemrO54UnkdInaxXZZZNFRYs4bH2W8j+ESgreBD/IiqhCKfBrDqlwE9R\nE2iZc0Nnu0wBShmlejwsTyTr5eAySYXUpp2M6hEclrMsR05oLQfXBdHHaY4AJZ+M\nFUm2JzBGbymBRYVRFBkP3j0N12mvYdEyxAocFs9Nw2wdPYHXFmpPHlySqnw8xxk5\ncc0iTKkygWstAoIBACJYsGw2cWwa1Clxq61DZYMrk+iBYVd+suokPe5EDBMf0mD2\nOe7Gqp2s3H+KBAJg3QE0Bb3Va0ADs4WIBszyLsMPGCtdCVtUXAsS6qLInDDW9HZl\nKR7MKrgKFfgbYPoBzt+Qp8LjF43Lg03v76Us8J63t76Zio6Hd+S8Ni9D/Lw9F7ed\nskQq//6ikSH9hAMuTvGPCwQU6u1uYksr/Tg8hXt6Sq0PXRPJbyW0LtuN20/IiGD0\nz9bFvmRuJalh6ZAZ2OVo8mirVQDN+3dFcd2JbWdAnASaTkJt8/aI8kOQa4IZ8e3Z\nJP+9FocFcandGec64aqdysUCjI5Kq+UJTHyCTHECggEBAKPyi7YwAa29T6xgzWwc\nwt5m17JK4px5YWoRZKcyhouClrXZAAbJ5uKo50q0B1aHIrNNK+q8ZIUL48XvDil5\n3bsQVf46E5plDd88JmnrjVLtjZZvJ0kSUjjScWMrE8BGoE/WGOxrRbr8dujCm1rD\nJsVyRdAt59L6YE3LCJX57996VseJTBWKsGcgDr0XmlX4ns31LgnUUVOQjNrv2CJX\neFOHTUuh48srlbq5SIHAuVmnt/GC5JLs47h0KH5M6q1kdfi5BlzwCW3gGiLoiKVD\npxoAUDW+Jn/N74Vg29Wmi4ZVrMpc7wWf1KMH362vGtV9dnOrkRWMlxSJ1+jzZd38\nldkCggEAEdNmPOCEZxBS5wlfUbAJf9T8VZPFnKYOgSx3HK2/+RPQ9lKwC6HRklWj\nHJjfl+FKmEDBW6AamvPdrqI9rH8P/f7hgbQ05kdlsKiAhnZGRhZ9bcCujdvU/mfR\nnXAtENf2lGBv2YkN8z9UbBeiLQxO2t6XgAOFtoOGZDPCtK5FZ9dZgocdDBqvIaKW\n+WDsA5Dd+3X1CUcjJycwqw51TZejYkG/1HAJJwVmvxfKdcJCqiuN5nVhkjSc5jdt\n+0wr5ge1JUDSqcH0WkoNIEeTRu0Xiic8jIrovfdY45aR6SG5FKap9nFFVTfsCQIg\nu5aj1Jf4GZahpb2El1SMkVIX0w0VpA==\n-----END PRIVATE KEY-----\n",
            "public_key_fingerprint_md5": "fa:85:97:24:b9:8f:b1:e8:05:86:33:16:58:8a:05:2d",
            "public_key_fingerprint_sha256": "SHA256:/dfCasNw05hURC2xFW6l7pmqL9G50RDIaAfRwkTOv4Q",
            "public_key_openssh": "ssh-rsa AAAAB3NzaC1yc2EAAAADAQABAAACAQDOzyTqPvNetEMbyQxcwUUujvkXvdV7ozdEaL+TG2xDfIc5CZhh1xTgfjyqQGH+StqLPo8Eo//gw3BNPg6xNI2ykHQxt0eByz1W7VJIAniGMeYyQij15ZJKaGUjfaPKBXoW0rzO7pcQmfOqie13aPArW2dnU2MUAzcfLNqnuf1whWpc0sZ+Qe4ptjNxCRs57ZsxSrW9EBgSb5hyCMasVg/esqpRw4LbuFXNx6oRjRdUBxzZhZzV5SXz/hGxjban53kVDdINSbRLUmbbD6wq5/ksR7JSkB36ff98ni9OqvCkmQMPG2T4eFP3fRv/5i/Ib7LkM5QVBO1A3Xf9/cgmR1EsQ9bR3phlX/sfVAMbbif0nL07Jj7X+vzmsy2dasqZywqVLyQArEQH4rBhxyNalUQv1IUy53hoNisU3poE4DCCp4cfchBuyx2lI2gY0iuVmN8vqde7hHrFpeCUfRcOjVMqeIPc16jr+xJGHKXMQVxYjrdOI90bASOBmg6iWFdoPbWMtqEhElHQqTX1fL8ajDFPdETjO5hml0w7FuCFBCc4h+ELvzhR/ikKLEiOZYUG69GuvgGzlOunzpGfz0uLPNfwV7jayUnLLf/ljs57oRK2g9XYpVTPoLN7E8Uqp6laX++r+fHe8/CRqSCxN1uk3lOvhdYv8hmeKlGzUJBEZ879lQ==\n",
            "public_key_pem": "-----BEGIN PUBLIC KEY-----\nMIICIjANBgkqhkiG9w0BAQEFAAOCAg8AMIICCgKCAgEAzs8k6j7zXrRDG8kMXMFF\nLo75F73Ve6M3RGi/kxtsQ3yHOQmYYdcU4H48qkBh/kraiz6PBKP/4MNwTT4OsTSN\nspB0MbdHgcs9Vu1SSAJ4hjHmMkIo9eWSSmhlI32jygV6FtK8zu6XEJnzqontd2jw\nK1tnZ1NjFAM3Hyzap7n9cIVqXNLGfkHuKbYzcQkbOe2bMUq1vRAYEm+YcgjGrFYP\n3rKqUcOC27hVzceqEY0XVAcc2YWc1eUl8/4RsY22p+d5FQ3SDUm0S1Jm2w+sKuf5\nLEeyUpAd+n3/fJ4vTqrwpJkDDxtk+HhT930b/+YvyG+y5DOUFQTtQN13/f3IJkdR\nLEPW0d6YZV/7H1QDG24n9Jy9OyY+1/r85rMtnWrKmcsKlS8kAKxEB+KwYccjWpVE\nL9SFMud4aDYrFN6aBOAwgqeHH3IQbssdpSNoGNIrlZjfL6nXu4R6xaXglH0XDo1T\nKniD3Neo6/sSRhylzEFcWI63TiPdGwEjgZoOolhXaD21jLahIRJR0Kk19Xy/Gowx\nT3RE4zuYZpdMOxbghQQnOIfhC784Uf4pCixIjmWFBuvRrr4Bs5Trp86Rn89LizzX\n8Fe42slJyy3/5Y7Oe6EStoPV2KVUz6CzexPFKqepWl/vq/nx3vPwkakgsTdbpN5T\nr4XWL/IZnipRs1CQRGfO/ZUCAwEAAQ==\n-----END PUBLIC KEY-----\n",
            "rsa_bits": 4096
          },
          "sensitive_attributes": [
            [
              {
                "type": "get_attr",
                "value": "private_key_pem_pkcs8"
              }
            ],
            [
              {
                "type": "get_attr",
                "value": "private_key_openssh"
              }
            ],
            [
              {
                "type": "get_attr",
                "value": "private_key_pem"
              }
            ]
          ]
        }
      ]
    }
  ],
  "check_results": null
}
